// !$*UTF8*$!
{
	archiveVersion = 1;
	classes = {
	};
	objectVersion = 46;
	objects = {

/* Begin PBXBuildFile section */
		EB5759C515B0C99E000673E5 /* UIKit.framework in Frameworks */ = {isa = PBXBuildFile; fileRef = EB5759C415B0C99E000673E5 /* UIKit.framework */; };
		EB5759C715B0C99E000673E5 /* Foundation.framework in Frameworks */ = {isa = PBXBuildFile; fileRef = EB5759C615B0C99E000673E5 /* Foundation.framework */; };
		EB5759C915B0C99E000673E5 /* CoreGraphics.framework in Frameworks */ = {isa = PBXBuildFile; fileRef = EB5759C815B0C99E000673E5 /* CoreGraphics.framework */; };
		EB5759CF15B0C99E000673E5 /* InfoPlist.strings in Resources */ = {isa = PBXBuildFile; fileRef = EB5759CD15B0C99E000673E5 /* InfoPlist.strings */; };
		EB5759D115B0C99E000673E5 /* main.m in Sources */ = {isa = PBXBuildFile; fileRef = EB5759D015B0C99E000673E5 /* main.m */; };
		EB5759D515B0C99E000673E5 /* RBAppDelegate.m in Sources */ = {isa = PBXBuildFile; fileRef = EB5759D415B0C99E000673E5 /* RBAppDelegate.m */; };
		EB5759D815B0C99E000673E5 /* MainStoryboard.storyboard in Resources */ = {isa = PBXBuildFile; fileRef = EB5759D615B0C99E000673E5 /* MainStoryboard.storyboard */; };
		EB5759DB15B0C99E000673E5 /* RBViewController.m in Sources */ = {isa = PBXBuildFile; fileRef = EB5759DA15B0C99E000673E5 /* RBViewController.m */; };
		EB5759E915B0CB11000673E5 /* RBNavigationController.m in Sources */ = {isa = PBXBuildFile; fileRef = EB5759E815B0CB11000673E5 /* RBNavigationController.m */; };
		EB5759EB15B0CEB5000673E5 /* background.jpg in Resources */ = {isa = PBXBuildFile; fileRef = EB5759EA15B0CEB5000673E5 /* background.jpg */; };
		EB5759EF15B0D2C8000673E5 /* RBHelpTableViewCell.m in Sources */ = {isa = PBXBuildFile; fileRef = EB5759EE15B0D2C8000673E5 /* RBHelpTableViewCell.m */; };
		EB5759F215B0D388000673E5 /* RBHelpTableViewController.m in Sources */ = {isa = PBXBuildFile; fileRef = EB5759F115B0D388000673E5 /* RBHelpTableViewController.m */; };
		EB5759F515B0D3E3000673E5 /* RBDestinationViewController.m in Sources */ = {isa = PBXBuildFile; fileRef = EB5759F415B0D3E3000673E5 /* RBDestinationViewController.m */; };
/* End PBXBuildFile section */

/* Begin PBXFileReference section */
		EB5759C015B0C99E000673E5 /* RydeBoss.app */ = {isa = PBXFileReference; explicitFileType = wrapper.application; includeInIndex = 0; path = RydeBoss.app; sourceTree = BUILT_PRODUCTS_DIR; };
		EB5759C415B0C99E000673E5 /* UIKit.framework */ = {isa = PBXFileReference; lastKnownFileType = wrapper.framework; name = UIKit.framework; path = System/Library/Frameworks/UIKit.framework; sourceTree = SDKROOT; };
		EB5759C615B0C99E000673E5 /* Foundation.framework */ = {isa = PBXFileReference; lastKnownFileType = wrapper.framework; name = Foundation.framework; path = System/Library/Frameworks/Foundation.framework; sourceTree = SDKROOT; };
		EB5759C815B0C99E000673E5 /* CoreGraphics.framework */ = {isa = PBXFileReference; lastKnownFileType = wrapper.framework; name = CoreGraphics.framework; path = System/Library/Frameworks/CoreGraphics.framework; sourceTree = SDKROOT; };
		EB5759CC15B0C99E000673E5 /* RydeBoss-Info.plist */ = {isa = PBXFileReference; lastKnownFileType = text.plist.xml; path = "RydeBoss-Info.plist"; sourceTree = "<group>"; };
		EB5759CE15B0C99E000673E5 /* en */ = {isa = PBXFileReference; lastKnownFileType = text.plist.strings; name = en; path = en.lproj/InfoPlist.strings; sourceTree = "<group>"; };
		EB5759D015B0C99E000673E5 /* main.m */ = {isa = PBXFileReference; lastKnownFileType = sourcecode.c.objc; path = main.m; sourceTree = "<group>"; };
		EB5759D215B0C99E000673E5 /* RydeBoss-Prefix.pch */ = {isa = PBXFileReference; lastKnownFileType = sourcecode.c.h; path = "RydeBoss-Prefix.pch"; sourceTree = "<group>"; };
		EB5759D315B0C99E000673E5 /* RBAppDelegate.h */ = {isa = PBXFileReference; lastKnownFileType = sourcecode.c.h; path = RBAppDelegate.h; sourceTree = "<group>"; };
		EB5759D415B0C99E000673E5 /* RBAppDelegate.m */ = {isa = PBXFileReference; lastKnownFileType = sourcecode.c.objc; path = RBAppDelegate.m; sourceTree = "<group>"; };
		EB5759D715B0C99E000673E5 /* en */ = {isa = PBXFileReference; lastKnownFileType = file.storyboard; name = en; path = en.lproj/MainStoryboard.storyboard; sourceTree = "<group>"; };
		EB5759D915B0C99E000673E5 /* RBViewController.h */ = {isa = PBXFileReference; lastKnownFileType = sourcecode.c.h; path = RBViewController.h; sourceTree = "<group>"; };
		EB5759DA15B0C99E000673E5 /* RBViewController.m */ = {isa = PBXFileReference; lastKnownFileType = sourcecode.c.objc; path = RBViewController.m; sourceTree = "<group>"; };
		EB5759E715B0CB11000673E5 /* RBNavigationController.h */ = {isa = PBXFileReference; fileEncoding = 4; lastKnownFileType = sourcecode.c.h; path = RBNavigationController.h; sourceTree = "<group>"; };
		EB5759E815B0CB11000673E5 /* RBNavigationController.m */ = {isa = PBXFileReference; fileEncoding = 4; lastKnownFileType = sourcecode.c.objc; path = RBNavigationController.m; sourceTree = "<group>"; };
		EB5759EA15B0CEB5000673E5 /* background.jpg */ = {isa = PBXFileReference; lastKnownFileType = image.jpeg; path = background.jpg; sourceTree = "<group>"; };
		EB5759ED15B0D2C8000673E5 /* RBHelpTableViewCell.h */ = {isa = PBXFileReference; fileEncoding = 4; lastKnownFileType = sourcecode.c.h; path = RBHelpTableViewCell.h; sourceTree = "<group>"; };
		EB5759EE15B0D2C8000673E5 /* RBHelpTableViewCell.m */ = {isa = PBXFileReference; fileEncoding = 4; lastKnownFileType = sourcecode.c.objc; path = RBHelpTableViewCell.m; sourceTree = "<group>"; };
		EB5759F015B0D388000673E5 /* RBHelpTableViewController.h */ = {isa = PBXFileReference; fileEncoding = 4; lastKnownFileType = sourcecode.c.h; path = RBHelpTableViewController.h; sourceTree = "<group>"; };
		EB5759F115B0D388000673E5 /* RBHelpTableViewController.m */ = {isa = PBXFileReference; fileEncoding = 4; lastKnownFileType = sourcecode.c.objc; path = RBHelpTableViewController.m; sourceTree = "<group>"; };
		EB5759F315B0D3E3000673E5 /* RBDestinationViewController.h */ = {isa = PBXFileReference; fileEncoding = 4; lastKnownFileType = sourcecode.c.h; path = RBDestinationViewController.h; sourceTree = "<group>"; };
		EB5759F415B0D3E3000673E5 /* RBDestinationViewController.m */ = {isa = PBXFileReference; fileEncoding = 4; lastKnownFileType = sourcecode.c.objc; path = RBDestinationViewController.m; sourceTree = "<group>"; };
/* End PBXFileReference section */

/* Begin PBXFrameworksBuildPhase section */
		EB5759BD15B0C99E000673E5 /* Frameworks */ = {
			isa = PBXFrameworksBuildPhase;
			buildActionMask = 2147483647;
			files = (
				EB5759C515B0C99E000673E5 /* UIKit.framework in Frameworks */,
				EB5759C715B0C99E000673E5 /* Foundation.framework in Frameworks */,
				EB5759C915B0C99E000673E5 /* CoreGraphics.framework in Frameworks */,
			);
			runOnlyForDeploymentPostprocessing = 0;
		};
/* End PBXFrameworksBuildPhase section */

/* Begin PBXGroup section */
		EB5759B515B0C99E000673E5 = {
			isa = PBXGroup;
			children = (
				EB5759CA15B0C99E000673E5 /* RydeBoss */,
				EB5759C315B0C99E000673E5 /* Frameworks */,
				EB5759C115B0C99E000673E5 /* Products */,
			);
			sourceTree = "<group>";
		};
		EB5759C115B0C99E000673E5 /* Products */ = {
			isa = PBXGroup;
			children = (
				EB5759C015B0C99E000673E5 /* RydeBoss.app */,
			);
			name = Products;
			sourceTree = "<group>";
		};
		EB5759C315B0C99E000673E5 /* Frameworks */ = {
			isa = PBXGroup;
			children = (
				EB5759C415B0C99E000673E5 /* UIKit.framework */,
				EB5759C615B0C99E000673E5 /* Foundation.framework */,
				EB5759C815B0C99E000673E5 /* CoreGraphics.framework */,
			);
			name = Frameworks;
			sourceTree = "<group>";
		};
		EB5759CA15B0C99E000673E5 /* RydeBoss */ = {
			isa = PBXGroup;
			children = (
				EB5759D315B0C99E000673E5 /* RBAppDelegate.h */,
				EB5759D415B0C99E000673E5 /* RBAppDelegate.m */,
				EB5759D615B0C99E000673E5 /* MainStoryboard.storyboard */,
				EB5759E215B0CA0F000673E5 /* Custom UI Components */,
				EB5759E115B0C9DF000673E5 /* View Controllers */,
				EB5759CB15B0C99E000673E5 /* Supporting Files */,
			);
			path = RydeBoss;
			sourceTree = "<group>";
		};
		EB5759CB15B0C99E000673E5 /* Supporting Files */ = {
			isa = PBXGroup;
			children = (
				EB5759CC15B0C99E000673E5 /* RydeBoss-Info.plist */,
				EB5759CD15B0C99E000673E5 /* InfoPlist.strings */,
				EB5759D015B0C99E000673E5 /* main.m */,
				EB5759D215B0C99E000673E5 /* RydeBoss-Prefix.pch */,
			);
			name = "Supporting Files";
			sourceTree = "<group>";
		};
		EB5759E115B0C9DF000673E5 /* View Controllers */ = {
			isa = PBXGroup;
			children = (
				EB5759F315B0D3E3000673E5 /* RBDestinationViewController.h */,
				EB5759F415B0D3E3000673E5 /* RBDestinationViewController.m */,
				EB5759F015B0D388000673E5 /* RBHelpTableViewController.h */,
				EB5759F115B0D388000673E5 /* RBHelpTableViewController.m */,
				EB5759E715B0CB11000673E5 /* RBNavigationController.h */,
				EB5759E815B0CB11000673E5 /* RBNavigationController.m */,
				EB5759EC15B0CEBC000673E5 /* images */,
				EB5759F615B0D425000673E5 /* Old */,
			);
			name = "View Controllers";
			sourceTree = "<group>";
		};
		EB5759E215B0CA0F000673E5 /* Custom UI Components */ = {
			isa = PBXGroup;
			children = (
				EB5759ED15B0D2C8000673E5 /* RBHelpTableViewCell.h */,
				EB5759EE15B0D2C8000673E5 /* RBHelpTableViewCell.m */,
			);
			name = "Custom UI Components";
			sourceTree = "<group>";
		};
		EB5759EC15B0CEBC000673E5 /* images */ = {
			isa = PBXGroup;
			children = (
				EB5759EA15B0CEB5000673E5 /* background.jpg */,
			);
			name = images;
			sourceTree = "<group>";
		};
		EB5759F615B0D425000673E5 /* Old */ = {
			isa = PBXGroup;
			children = (
				EB5759D915B0C99E000673E5 /* RBViewController.h */,
				EB5759DA15B0C99E000673E5 /* RBViewController.m */,
			);
			name = Old;
			sourceTree = "<group>";
		};
/* End PBXGroup section */

/* Begin PBXNativeTarget section */
		EB5759BF15B0C99E000673E5 /* RydeBoss */ = {
			isa = PBXNativeTarget;
			buildConfigurationList = EB5759DE15B0C99E000673E5 /* Build configuration list for PBXNativeTarget "RydeBoss" */;
			buildPhases = (
				EB5759BC15B0C99E000673E5 /* Sources */,
				EB5759BD15B0C99E000673E5 /* Frameworks */,
				EB5759BE15B0C99E000673E5 /* Resources */,
			);
			buildRules = (
			);
			dependencies = (
			);
			name = RydeBoss;
			productName = RydeBoss;
			productReference = EB5759C015B0C99E000673E5 /* RydeBoss.app */;
			productType = "com.apple.product-type.application";
		};
/* End PBXNativeTarget section */

/* Begin PBXProject section */
		EB5759B715B0C99E000673E5 /* Project object */ = {
			isa = PBXProject;
			attributes = {
				CLASSPREFIX = RB;
				LastUpgradeCheck = 0430;
			};
			buildConfigurationList = EB5759BA15B0C99E000673E5 /* Build configuration list for PBXProject "RydeBoss" */;
			compatibilityVersion = "Xcode 3.2";
			developmentRegion = English;
			hasScannedForEncodings = 0;
			knownRegions = (
				en,
			);
			mainGroup = EB5759B515B0C99E000673E5;
			productRefGroup = EB5759C115B0C99E000673E5 /* Products */;
			projectDirPath = "";
			projectRoot = "";
			targets = (
				EB5759BF15B0C99E000673E5 /* RydeBoss */,
			);
		};
/* End PBXProject section */

/* Begin PBXResourcesBuildPhase section */
		EB5759BE15B0C99E000673E5 /* Resources */ = {
			isa = PBXResourcesBuildPhase;
			buildActionMask = 2147483647;
			files = (
				EB5759CF15B0C99E000673E5 /* InfoPlist.strings in Resources */,
				EB5759D815B0C99E000673E5 /* MainStoryboard.storyboard in Resources */,
				EB5759EB15B0CEB5000673E5 /* background.jpg in Resources */,
			);
			runOnlyForDeploymentPostprocessing = 0;
		};
/* End PBXResourcesBuildPhase section */

/* Begin PBXSourcesBuildPhase section */
		EB5759BC15B0C99E000673E5 /* Sources */ = {
			isa = PBXSourcesBuildPhase;
			buildActionMask = 2147483647;
			files = (
				EB5759D115B0C99E000673E5 /* main.m in Sources */,
				EB5759D515B0C99E000673E5 /* RBAppDelegate.m in Sources */,
				EB5759DB15B0C99E000673E5 /* RBViewController.m in Sources */,
				EB5759E915B0CB11000673E5 /* RBNavigationController.m in Sources */,
				EB5759EF15B0D2C8000673E5 /* RBHelpTableViewCell.m in Sources */,
				EB5759F215B0D388000673E5 /* RBHelpTableViewController.m in Sources */,
				EB5759F515B0D3E3000673E5 /* RBDestinationViewController.m in Sources */,
			);
			runOnlyForDeploymentPostprocessing = 0;
		};
/* End PBXSourcesBuildPhase section */

/* Begin PBXVariantGroup section */
		EB5759CD15B0C99E000673E5 /* InfoPlist.strings */ = {
			isa = PBXVariantGroup;
			children = (
				EB5759CE15B0C99E000673E5 /* en */,
			);
			name = InfoPlist.strings;
			sourceTree = "<group>";
		};
		EB5759D615B0C99E000673E5 /* MainStoryboard.storyboard */ = {
			isa = PBXVariantGroup;
			children = (
				EB5759D715B0C99E000673E5 /* en */,
			);
			name = MainStoryboard.storyboard;
			sourceTree = "<group>";
		};
/* End PBXVariantGroup section */

/* Begin XCBuildConfiguration section */
		EB5759DC15B0C99E000673E5 /* Debug */ = {
			isa = XCBuildConfiguration;
			buildSettings = {
				ALWAYS_SEARCH_USER_PATHS = NO;
				ARCHS = "$(ARCHS_STANDARD_32_BIT)";
				CLANG_ENABLE_OBJC_ARC = YES;
				"CODE_SIGN_IDENTITY[sdk=iphoneos*]" = "iPhone Developer";
				COPY_PHASE_STRIP = NO;
				GCC_C_LANGUAGE_STANDARD = gnu99;
				GCC_DYNAMIC_NO_PIC = NO;
				GCC_OPTIMIZATION_LEVEL = 0;
				GCC_PREPROCESSOR_DEFINITIONS = (
					"DEBUG=1",
					"$(inherited)",
				);
				GCC_SYMBOLS_PRIVATE_EXTERN = NO;
				GCC_VERSION = com.apple.compilers.llvm.clang.1_0;
				GCC_WARN_ABOUT_RETURN_TYPE = YES;
				GCC_WARN_UNINITIALIZED_AUTOS = YES;
				GCC_WARN_UNUSED_VARIABLE = YES;
				IPHONEOS_DEPLOYMENT_TARGET = 5.1;
				SDKROOT = iphoneos;
			};
			name = Debug;
		};
		EB5759DD15B0C99E000673E5 /* Release */ = {
			isa = XCBuildConfiguration;
			buildSettings = {
				ALWAYS_SEARCH_USER_PATHS = NO;
				ARCHS = "$(ARCHS_STANDARD_32_BIT)";
				CLANG_ENABLE_OBJC_ARC = YES;
				"CODE_SIGN_IDENTITY[sdk=iphoneos*]" = "iPhone Developer";
				COPY_PHASE_STRIP = YES;
				GCC_C_LANGUAGE_STANDARD = gnu99;
				GCC_VERSION = com.apple.compilers.llvm.clang.1_0;
				GCC_WARN_ABOUT_RETURN_TYPE = YES;
				GCC_WARN_UNINITIALIZED_AUTOS = YES;
				GCC_WARN_UNUSED_VARIABLE = YES;
				IPHONEOS_DEPLOYMENT_TARGET = 5.1;
				OTHER_CFLAGS = "-DNS_BLOCK_ASSERTIONS=1";
				SDKROOT = iphoneos;
				VALIDATE_PRODUCT = YES;
			};
			name = Release;
		};
		EB5759DF15B0C99E000673E5 /* Debug */ = {
			isa = XCBuildConfiguration;
			buildSettings = {
				GCC_PRECOMPILE_PREFIX_HEADER = YES;
				GCC_PREFIX_HEADER = "RydeBoss/RydeBoss-Prefix.pch";
				INFOPLIST_FILE = "RydeBoss/RydeBoss-Info.plist";
				PRODUCT_NAME = "$(TARGET_NAME)";
				WRAPPER_EXTENSION = app;
			};
			name = Debug;
		};
		EB5759E015B0C99E000673E5 /* Release */ = {
			isa = XCBuildConfiguration;
			buildSettings = {
				GCC_PRECOMPILE_PREFIX_HEADER = YES;
				GCC_PREFIX_HEADER = "RydeBoss/RydeBoss-Prefix.pch";
				INFOPLIST_FILE = "RydeBoss/RydeBoss-Info.plist";
				PRODUCT_NAME = "$(TARGET_NAME)";
				WRAPPER_EXTENSION = app;
			};
			name = Release;
		};
/* End XCBuildConfiguration section */

/* Begin XCConfigurationList section */
		EB5759BA15B0C99E000673E5 /* Build configuration list for PBXProject "RydeBoss" */ = {
			isa = XCConfigurationList;
			buildConfigurations = (
				EB5759DC15B0C99E000673E5 /* Debug */,
				EB5759DD15B0C99E000673E5 /* Release */,
			);
			defaultConfigurationIsVisible = 0;
			defaultConfigurationName = Release;
		};
		EB5759DE15B0C99E000673E5 /* Build configuration list for PBXNativeTarget "RydeBoss" */ = {
			isa = XCConfigurationList;
			buildConfigurations = (
				EB5759DF15B0C99E000673E5 /* Debug */,
				EB5759E015B0C99E000673E5 /* Release */,
			);
			defaultConfigurationIsVisible = 0;
		};
/* End XCConfigurationList section */
	};
	rootObject = EB5759B715B0C99E000673E5 /* Project object */;
}
